
Microsoft Visual Studio Solution File, Format Version 12.00
# Visual Studio Version 17
VisualStudioVersion = 17.5.33530.505
MinimumVisualStudioVersion = 10.0.40219.1
Project("{FAE04EC0-301F-11D3-BF4B-00C04F79EFBC}") = "EmailSMTP", "EmailSMTP\EmailSMTP.csproj", "{FEC5B2AC-01DC-4EFB-A620-FA3138961B05}"
EndProject
Global
	GlobalSection(SolutionConfigurationPlatforms) = preSolution
		Debug|Any CPU = Debug|Any CPU
		Release|Any CPU = Release|Any CPU
	EndGlobalSection
	GlobalSection(ProjectConfigurationPlatforms) = postSolution
		{FEC5B2AC-01DC-4EFB-A620-FA3138961B05}.Debug|Any CPU.ActiveCfg = Debug|Any CPU
		{FEC5B2AC-01DC-4EFB-A620-FA3138961B05}.Debug|Any CPU.Build.0 = Debug|Any CPU
		{FEC5B2AC-01DC-4EFB-A620-FA3138961B05}.Release|Any CPU.ActiveCfg = Release|Any CPU
		{FEC5B2AC-01DC-4EFB-A620-FA3138961B05}.Release|Any CPU.Build.0 = Release|Any CPU
	EndGlobalSection
	GlobalSection(SolutionProperties) = preSolution
		HideSolutionNode = FALSE
	EndGlobalSection
	GlobalSection(ExtensibilityGlobals) = postSolution
		SolutionGuid = {1C15DEB3-5BE8-437A-B980-B184340D3334}
	EndGlobalSection
EndGlobal
